
Microsoft Visual Studio Solution File, Format Version 12.00
# Visual Studio Version 17
VisualStudioVersion = 17.0.31903.59
MinimumVisualStudioVersion = 10.0.40219.1
Project("{2150E333-8FDC-42A3-9474-1A3956D46DE8}") = "src", "src", "{827E0CD3-B72D-47B6-A68D-7590B98EB39B}"
EndProject
Project("{FAE04EC0-301F-11D3-BF4B-00C04F79EFBC}") = "EcoDrop.Domain", "src\EcoDrop.Domain\EcoDrop.Domain.csproj", "{2F343C89-EC01-494A-9A2E-17FACC933F64}"
EndProject
Project("{FAE04EC0-301F-11D3-BF4B-00C04F79EFBC}") = "EcoDrop.Application", "src\EcoDrop.Application\EcoDrop.Application.csproj", "{1120F482-4C9C-4743-BEE9-BE17EC084301}"
EndProject
Project("{FAE04EC0-301F-11D3-BF4B-00C04F79EFBC}") = "EcoDrop.Infrastructure", "src\EcoDrop.Infrastructure\EcoDrop.Infrastructure.csproj", "{FA670136-8B51-442E-A6C6-59FB40B79304}"
EndProject
Project("{FAE04EC0-301F-11D3-BF4B-00C04F79EFBC}") = "EcoDrop.OracleApi", "src\EcoDrop.OracleApi\EcoDrop.OracleApi.csproj", "{83D81E93-1CE0-4C3B-BA6D-2E106F0D7D58}"
EndProject
Project("{FAE04EC0-301F-11D3-BF4B-00C04F79EFBC}") = "EcoDrop.PublicApi", "src\EcoDrop.PublicApi\EcoDrop.PublicApi.csproj", "{00A0492F-0D70-45B9-AC5C-5C18E460515E}"
EndProject
Project("{FAE04EC0-301F-11D3-BF4B-00C04F79EFBC}") = "EcoDrop.Mvc", "src\EcoDrop.Mvc\EcoDrop.Mvc.csproj", "{2E7191C7-DA75-4520-9B61-534452C2115C}"
EndProject
Global
	GlobalSection(SolutionConfigurationPlatforms) = preSolution
		Debug|Any CPU = Debug|Any CPU
		Debug|x64 = Debug|x64
		Debug|x86 = Debug|x86
		Release|Any CPU = Release|Any CPU
		Release|x64 = Release|x64
		Release|x86 = Release|x86
	EndGlobalSection
	GlobalSection(ProjectConfigurationPlatforms) = postSolution
		{2F343C89-EC01-494A-9A2E-17FACC933F64}.Debug|Any CPU.ActiveCfg = Debug|Any CPU
		{2F343C89-EC01-494A-9A2E-17FACC933F64}.Debug|Any CPU.Build.0 = Debug|Any CPU
		{2F343C89-EC01-494A-9A2E-17FACC933F64}.Debug|x64.ActiveCfg = Debug|Any CPU
		{2F343C89-EC01-494A-9A2E-17FACC933F64}.Debug|x64.Build.0 = Debug|Any CPU
		{2F343C89-EC01-494A-9A2E-17FACC933F64}.Debug|x86.ActiveCfg = Debug|Any CPU
		{2F343C89-EC01-494A-9A2E-17FACC933F64}.Debug|x86.Build.0 = Debug|Any CPU
		{2F343C89-EC01-494A-9A2E-17FACC933F64}.Release|Any CPU.ActiveCfg = Release|Any CPU
		{2F343C89-EC01-494A-9A2E-17FACC933F64}.Release|Any CPU.Build.0 = Release|Any CPU
		{2F343C89-EC01-494A-9A2E-17FACC933F64}.Release|x64.ActiveCfg = Release|Any CPU
		{2F343C89-EC01-494A-9A2E-17FACC933F64}.Release|x64.Build.0 = Release|Any CPU
		{2F343C89-EC01-494A-9A2E-17FACC933F64}.Release|x86.ActiveCfg = Release|Any CPU
		{2F343C89-EC01-494A-9A2E-17FACC933F64}.Release|x86.Build.0 = Release|Any CPU
		{1120F482-4C9C-4743-BEE9-BE17EC084301}.Debug|Any CPU.ActiveCfg = Debug|Any CPU
		{1120F482-4C9C-4743-BEE9-BE17EC084301}.Debug|Any CPU.Build.0 = Debug|Any CPU
		{1120F482-4C9C-4743-BEE9-BE17EC084301}.Debug|x64.ActiveCfg = Debug|Any CPU
		{1120F482-4C9C-4743-BEE9-BE17EC084301}.Debug|x64.Build.0 = Debug|Any CPU
		{1120F482-4C9C-4743-BEE9-BE17EC084301}.Debug|x86.ActiveCfg = Debug|Any CPU
		{1120F482-4C9C-4743-BEE9-BE17EC084301}.Debug|x86.Build.0 = Debug|Any CPU
		{1120F482-4C9C-4743-BEE9-BE17EC084301}.Release|Any CPU.ActiveCfg = Release|Any CPU
		{1120F482-4C9C-4743-BEE9-BE17EC084301}.Release|Any CPU.Build.0 = Release|Any CPU
		{1120F482-4C9C-4743-BEE9-BE17EC084301}.Release|x64.ActiveCfg = Release|Any CPU
		{1120F482-4C9C-4743-BEE9-BE17EC084301}.Release|x64.Build.0 = Release|Any CPU
		{1120F482-4C9C-4743-BEE9-BE17EC084301}.Release|x86.ActiveCfg = Release|Any CPU
		{1120F482-4C9C-4743-BEE9-BE17EC084301}.Release|x86.Build.0 = Release|Any CPU
		{FA670136-8B51-442E-A6C6-59FB40B79304}.Debug|Any CPU.ActiveCfg = Debug|Any CPU
		{FA670136-8B51-442E-A6C6-59FB40B79304}.Debug|Any CPU.Build.0 = Debug|Any CPU
		{FA670136-8B51-442E-A6C6-59FB40B79304}.Debug|x64.ActiveCfg = Debug|Any CPU
		{FA670136-8B51-442E-A6C6-59FB40B79304}.Debug|x64.Build.0 = Debug|Any CPU
		{FA670136-8B51-442E-A6C6-59FB40B79304}.Debug|x86.ActiveCfg = Debug|Any CPU
		{FA670136-8B51-442E-A6C6-59FB40B79304}.Debug|x86.Build.0 = Debug|Any CPU
		{FA670136-8B51-442E-A6C6-59FB40B79304}.Release|Any CPU.ActiveCfg = Release|Any CPU
		{FA670136-8B51-442E-A6C6-59FB40B79304}.Release|Any CPU.Build.0 = Release|Any CPU
		{FA670136-8B51-442E-A6C6-59FB40B79304}.Release|x64.ActiveCfg = Release|Any CPU
		{FA670136-8B51-442E-A6C6-59FB40B79304}.Release|x64.Build.0 = Release|Any CPU
		{FA670136-8B51-442E-A6C6-59FB40B79304}.Release|x86.ActiveCfg = Release|Any CPU
		{FA670136-8B51-442E-A6C6-59FB40B79304}.Release|x86.Build.0 = Release|Any CPU
		{83D81E93-1CE0-4C3B-BA6D-2E106F0D7D58}.Debug|Any CPU.ActiveCfg = Debug|Any CPU
		{83D81E93-1CE0-4C3B-BA6D-2E106F0D7D58}.Debug|Any CPU.Build.0 = Debug|Any CPU
		{83D81E93-1CE0-4C3B-BA6D-2E106F0D7D58}.Debug|x64.ActiveCfg = Debug|Any CPU
		{83D81E93-1CE0-4C3B-BA6D-2E106F0D7D58}.Debug|x64.Build.0 = Debug|Any CPU
		{83D81E93-1CE0-4C3B-BA6D-2E106F0D7D58}.Debug|x86.ActiveCfg = Debug|Any CPU
		{83D81E93-1CE0-4C3B-BA6D-2E106F0D7D58}.Debug|x86.Build.0 = Debug|Any CPU
		{83D81E93-1CE0-4C3B-BA6D-2E106F0D7D58}.Release|Any CPU.ActiveCfg = Release|Any CPU
		{83D81E93-1CE0-4C3B-BA6D-2E106F0D7D58}.Release|Any CPU.Build.0 = Release|Any CPU
		{83D81E93-1CE0-4C3B-BA6D-2E106F0D7D58}.Release|x64.ActiveCfg = Release|Any CPU
		{83D81E93-1CE0-4C3B-BA6D-2E106F0D7D58}.Release|x64.Build.0 = Release|Any CPU
		{83D81E93-1CE0-4C3B-BA6D-2E106F0D7D58}.Release|x86.ActiveCfg = Release|Any CPU
		{83D81E93-1CE0-4C3B-BA6D-2E106F0D7D58}.Release|x86.Build.0 = Release|Any CPU
		{00A0492F-0D70-45B9-AC5C-5C18E460515E}.Debug|Any CPU.ActiveCfg = Debug|Any CPU
		{00A0492F-0D70-45B9-AC5C-5C18E460515E}.Debug|Any CPU.Build.0 = Debug|Any CPU
		{00A0492F-0D70-45B9-AC5C-5C18E460515E}.Debug|x64.ActiveCfg = Debug|Any CPU
		{00A0492F-0D70-45B9-AC5C-5C18E460515E}.Debug|x64.Build.0 = Debug|Any CPU
		{00A0492F-0D70-45B9-AC5C-5C18E460515E}.Debug|x86.ActiveCfg = Debug|Any CPU
		{00A0492F-0D70-45B9-AC5C-5C18E460515E}.Debug|x86.Build.0 = Debug|Any CPU
		{00A0492F-0D70-45B9-AC5C-5C18E460515E}.Release|Any CPU.ActiveCfg = Release|Any CPU
		{00A0492F-0D70-45B9-AC5C-5C18E460515E}.Release|Any CPU.Build.0 = Release|Any CPU
		{00A0492F-0D70-45B9-AC5C-5C18E460515E}.Release|x64.ActiveCfg = Release|Any CPU
		{00A0492F-0D70-45B9-AC5C-5C18E460515E}.Release|x64.Build.0 = Release|Any CPU
		{00A0492F-0D70-45B9-AC5C-5C18E460515E}.Release|x86.ActiveCfg = Release|Any CPU
		{00A0492F-0D70-45B9-AC5C-5C18E460515E}.Release|x86.Build.0 = Release|Any CPU
		{2E7191C7-DA75-4520-9B61-534452C2115C}.Debug|Any CPU.ActiveCfg = Debug|Any CPU
		{2E7191C7-DA75-4520-9B61-534452C2115C}.Debug|Any CPU.Build.0 = Debug|Any CPU
		{2E7191C7-DA75-4520-9B61-534452C2115C}.Debug|x64.ActiveCfg = Debug|Any CPU
		{2E7191C7-DA75-4520-9B61-534452C2115C}.Debug|x64.Build.0 = Debug|Any CPU
		{2E7191C7-DA75-4520-9B61-534452C2115C}.Debug|x86.ActiveCfg = Debug|Any CPU
		{2E7191C7-DA75-4520-9B61-534452C2115C}.Debug|x86.Build.0 = Debug|Any CPU
		{2E7191C7-DA75-4520-9B61-534452C2115C}.Release|Any CPU.ActiveCfg = Release|Any CPU
		{2E7191C7-DA75-4520-9B61-534452C2115C}.Release|Any CPU.Build.0 = Release|Any CPU
		{2E7191C7-DA75-4520-9B61-534452C2115C}.Release|x64.ActiveCfg = Release|Any CPU
		{2E7191C7-DA75-4520-9B61-534452C2115C}.Release|x64.Build.0 = Release|Any CPU
		{2E7191C7-DA75-4520-9B61-534452C2115C}.Release|x86.ActiveCfg = Release|Any CPU
		{2E7191C7-DA75-4520-9B61-534452C2115C}.Release|x86.Build.0 = Release|Any CPU
	EndGlobalSection
	GlobalSection(SolutionProperties) = preSolution
		HideSolutionNode = FALSE
	EndGlobalSection
	GlobalSection(NestedProjects) = preSolution
		{2F343C89-EC01-494A-9A2E-17FACC933F64} = {827E0CD3-B72D-47B6-A68D-7590B98EB39B}
		{1120F482-4C9C-4743-BEE9-BE17EC084301} = {827E0CD3-B72D-47B6-A68D-7590B98EB39B}
		{FA670136-8B51-442E-A6C6-59FB40B79304} = {827E0CD3-B72D-47B6-A68D-7590B98EB39B}
		{83D81E93-1CE0-4C3B-BA6D-2E106F0D7D58} = {827E0CD3-B72D-47B6-A68D-7590B98EB39B}
		{00A0492F-0D70-45B9-AC5C-5C18E460515E} = {827E0CD3-B72D-47B6-A68D-7590B98EB39B}
		{2E7191C7-DA75-4520-9B61-534452C2115C} = {827E0CD3-B72D-47B6-A68D-7590B98EB39B}
	EndGlobalSection
EndGlobal
